
Microsoft Visual Studio Solution File, Format Version 12.00
# Visual Studio Version 17
VisualStudioVersion = 17.7.34003.232
MinimumVisualStudioVersion = 10.0.40219.1
Project("{FAE04EC0-301F-11D3-BF4B-00C04F79EFBC}") = "github deneme", "github deneme\github deneme.csproj", "{35AF9364-CF2D-41DA-9AA1-7D6D43AB4759}"
EndProject
Global
	GlobalSection(SolutionConfigurationPlatforms) = preSolution
		Debug|Any CPU = Debug|Any CPU
		Release|Any CPU = Release|Any CPU
	EndGlobalSection
	GlobalSection(ProjectConfigurationPlatforms) = postSolution
		{35AF9364-CF2D-41DA-9AA1-7D6D43AB4759}.Debug|Any CPU.ActiveCfg = Debug|Any CPU
		{35AF9364-CF2D-41DA-9AA1-7D6D43AB4759}.Debug|Any CPU.Build.0 = Debug|Any CPU
		{35AF9364-CF2D-41DA-9AA1-7D6D43AB4759}.Release|Any CPU.ActiveCfg = Release|Any CPU
		{35AF9364-CF2D-41DA-9AA1-7D6D43AB4759}.Release|Any CPU.Build.0 = Release|Any CPU
	EndGlobalSection
	GlobalSection(SolutionProperties) = preSolution
		HideSolutionNode = FALSE
	EndGlobalSection
	GlobalSection(ExtensibilityGlobals) = postSolution
		SolutionGuid = {5F005C11-1A10-4E91-9EE4-BB5231AD2100}
	EndGlobalSection
EndGlobal
